
Microsoft Visual Studio Solution File, Format Version 12.00
# Visual Studio 15
VisualStudioVersion = 15.0.28010.2048
MinimumVisualStudioVersion = 10.0.40219.1
Project("{FAE04EC0-301F-11D3-BF4B-00C04F79EFBC}") = "FakerData", "FakerData\FakerData.csproj", "{4916B92F-CE44-4E32-9C17-731AB12820F1}"
EndProject
Global
	GlobalSection(SolutionConfigurationPlatforms) = preSolution
		Debug|Any CPU = Debug|Any CPU
		Release|Any CPU = Release|Any CPU
	EndGlobalSection
	GlobalSection(ProjectConfigurationPlatforms) = postSolution
		{4916B92F-CE44-4E32-9C17-731AB12820F1}.Debug|Any CPU.ActiveCfg = Debug|Any CPU
		{4916B92F-CE44-4E32-9C17-731AB12820F1}.Debug|Any CPU.Build.0 = Debug|Any CPU
		{4916B92F-CE44-4E32-9C17-731AB12820F1}.Release|Any CPU.ActiveCfg = Release|Any CPU
		{4916B92F-CE44-4E32-9C17-731AB12820F1}.Release|Any CPU.Build.0 = Release|Any CPU
	EndGlobalSection
	GlobalSection(SolutionProperties) = preSolution
		HideSolutionNode = FALSE
	EndGlobalSection
	GlobalSection(ExtensibilityGlobals) = postSolution
		SolutionGuid = {227F4684-6B7A-4174-B7A8-C8847EF93AD0}
	EndGlobalSection
EndGlobal
